
Microsoft Visual Studio Solution File, Format Version 12.00
# Visual Studio Version 17
VisualStudioVersion = 17.9.34622.214
MinimumVisualStudioVersion = 10.0.40219.1
Project("{FAE04EC0-301F-11D3-BF4B-00C04F79EFBC}") = "API", "API\API.csproj", "{64C24E0A-5DC9-4DB1-BFA5-3D6C8869AD8C}"
EndProject
Project("{FAE04EC0-301F-11D3-BF4B-00C04F79EFBC}") = "DAL", "DAL\DAL.csproj", "{8884C9A5-297C-4DDB-A9F8-5C268DB36BA2}"
EndProject
Global
	GlobalSection(SolutionConfigurationPlatforms) = preSolution
		Debug|Any CPU = Debug|Any CPU
		Release|Any CPU = Release|Any CPU
	EndGlobalSection
	GlobalSection(ProjectConfigurationPlatforms) = postSolution
		{64C24E0A-5DC9-4DB1-BFA5-3D6C8869AD8C}.Debug|Any CPU.ActiveCfg = Debug|Any CPU
		{64C24E0A-5DC9-4DB1-BFA5-3D6C8869AD8C}.Debug|Any CPU.Build.0 = Debug|Any CPU
		{64C24E0A-5DC9-4DB1-BFA5-3D6C8869AD8C}.Release|Any CPU.ActiveCfg = Release|Any CPU
		{64C24E0A-5DC9-4DB1-BFA5-3D6C8869AD8C}.Release|Any CPU.Build.0 = Release|Any CPU
		{8884C9A5-297C-4DDB-A9F8-5C268DB36BA2}.Debug|Any CPU.ActiveCfg = Debug|Any CPU
		{8884C9A5-297C-4DDB-A9F8-5C268DB36BA2}.Debug|Any CPU.Build.0 = Debug|Any CPU
		{8884C9A5-297C-4DDB-A9F8-5C268DB36BA2}.Release|Any CPU.ActiveCfg = Release|Any CPU
		{8884C9A5-297C-4DDB-A9F8-5C268DB36BA2}.Release|Any CPU.Build.0 = Release|Any CPU
	EndGlobalSection
	GlobalSection(SolutionProperties) = preSolution
		HideSolutionNode = FALSE
	EndGlobalSection
	GlobalSection(ExtensibilityGlobals) = postSolution
		SolutionGuid = {B3869881-1627-4B03-A765-B143A2AE69BE}
	EndGlobalSection
EndGlobal
